
Microsoft Visual Studio Solution File, Format Version 12.00
# Visual Studio Version 17
VisualStudioVersion = 17.6.33620.401
MinimumVisualStudioVersion = 10.0.40219.1
Project("{FAE04EC0-301F-11D3-BF4B-00C04F79EFBC}") = "EscalatorDemo", "EscalatorDemo\EscalatorDemo.csproj", "{66E3F4BB-BFEE-44B8-A29B-29E67FC416A5}"
EndProject
Global
	GlobalSection(SolutionConfigurationPlatforms) = preSolution
		Debug|Any CPU = Debug|Any CPU
		Release|Any CPU = Release|Any CPU
	EndGlobalSection
	GlobalSection(ProjectConfigurationPlatforms) = postSolution
		{66E3F4BB-BFEE-44B8-A29B-29E67FC416A5}.Debug|Any CPU.ActiveCfg = Debug|Any CPU
		{66E3F4BB-BFEE-44B8-A29B-29E67FC416A5}.Debug|Any CPU.Build.0 = Debug|Any CPU
		{66E3F4BB-BFEE-44B8-A29B-29E67FC416A5}.Release|Any CPU.ActiveCfg = Release|Any CPU
		{66E3F4BB-BFEE-44B8-A29B-29E67FC416A5}.Release|Any CPU.Build.0 = Release|Any CPU
	EndGlobalSection
	GlobalSection(SolutionProperties) = preSolution
		HideSolutionNode = FALSE
	EndGlobalSection
	GlobalSection(ExtensibilityGlobals) = postSolution
		SolutionGuid = {1203FB9D-AD15-4514-815B-9CB9035CBD18}
	EndGlobalSection
EndGlobal
